
Microsoft Visual Studio Solution File, Format Version 12.00
# Visual Studio Version 17
VisualStudioVersion = 17.14.36212.18
MinimumVisualStudioVersion = 10.0.40219.1
Project("{9A19103F-16F7-4668-BE54-9A1E7A4F7556}") = "NScript", "NScript.csproj", "{B0C0A241-69CB-42FF-8C30-637E3A079999}"
EndProject
Project("{FAE04EC0-301F-11D3-BF4B-00C04F79EFBC}") = "Example", "Example\Example.csproj", "{51F8059B-E66D-4A4B-96B0-774432E09BF9}"
EndProject
# Project("{FAE04EC0-301F-11D3-BF4B-00C04F79EFBC}") = "Script", "Script\Script.csproj", "{47A88039-CE97-E926-508B-FAD6CF089DAA}"
# EndProject
Global
	GlobalSection(SolutionConfigurationPlatforms) = preSolution
		Debug|Any CPU = Debug|Any CPU
		Release|Any CPU = Release|Any CPU
	EndGlobalSection
	GlobalSection(ProjectConfigurationPlatforms) = postSolution
		{B0C0A241-69CB-42FF-8C30-637E3A079999}.Debug|Any CPU.ActiveCfg = Debug|Any CPU
		{B0C0A241-69CB-42FF-8C30-637E3A079999}.Debug|Any CPU.Build.0 = Debug|Any CPU
		{B0C0A241-69CB-42FF-8C30-637E3A079999}.Release|Any CPU.ActiveCfg = Release|Any CPU
		{B0C0A241-69CB-42FF-8C30-637E3A079999}.Release|Any CPU.Build.0 = Release|Any CPU
		{51F8059B-E66D-4A4B-96B0-774432E09BF9}.Debug|Any CPU.ActiveCfg = Debug|Any CPU
		{51F8059B-E66D-4A4B-96B0-774432E09BF9}.Debug|Any CPU.Build.0 = Debug|Any CPU
		{51F8059B-E66D-4A4B-96B0-774432E09BF9}.Release|Any CPU.ActiveCfg = Release|Any CPU
		{51F8059B-E66D-4A4B-96B0-774432E09BF9}.Release|Any CPU.Build.0 = Release|Any CPU
		# {47A88039-CE97-E926-508B-FAD6CF089DAA}.Debug|Any CPU.ActiveCfg = Debug|Any CPU
		# {47A88039-CE97-E926-508B-FAD6CF089DAA}.Debug|Any CPU.Build.0 = Debug|Any CPU
		# {47A88039-CE97-E926-508B-FAD6CF089DAA}.Release|Any CPU.ActiveCfg = Release|Any CPU
		# {47A88039-CE97-E926-508B-FAD6CF089DAA}.Release|Any CPU.Build.0 = Release|Any CPU
	EndGlobalSection
	GlobalSection(SolutionProperties) = preSolution
		HideSolutionNode = FALSE
	EndGlobalSection
	GlobalSection(ExtensibilityGlobals) = postSolution
		SolutionGuid = {E81162F2-784F-4B46-990C-E65E430FCCDB}
	EndGlobalSection
EndGlobal
